[ "jsex": {:git, "git://github.com/talentdeficit/jsex.git", "ad3587a3293f13012e63934ad05840c308246d4a", []},
  "jsonex": {:git, "https://github.com/talentdeficit/jsex.git", "ad3587a3293f13012e63934ad05840c308246d4a", []},
  "jsx": {:git, "git://github.com/talentdeficit/jsx.git", "352d6b21cbec4fe1b66bc7ce3ded67a3b32add2c", [{:tag, "v1.4.2"}]} ]
