%{
  "earmark": {:hex, :earmark, "1.0.1", "2c2cd903bfdc3de3f189bd9a8d4569a075b88a8981ded9a0d95672f6e2b63141", [:mix], [], "hexpm", "db7b13d74a9edc54d3681762154d164d4a661cd27673cca80760344449877664"},
  "ex_doc": {:hex, :ex_doc, "0.13.0", "aa2f8fe4c6136a2f7cfc0a7e06805f82530e91df00e2bff4b4362002b43ada65", [:mix], [{:earmark, "~> 1.0", [hex: :earmark, repo: "hexpm", optional: false]}], "hexpm", "4b40cd154c2660d795b88f73c61b5e3679abe7215e8c20eb9040101cc4819d12"},
  "exjsx": {:git, "https://github.com/DataKrewTech/exjsx.git", "c8bb1c4721707dcb75ed81c84dfc7f25c96c944d", []},
  "jsx": {:hex, :jsx, "2.11.0", "08154624050333919b4ac1b789667d5f4db166dc50e190c4d778d1587f102ee0", [:rebar3], [], "hexpm", "eed26a0d04d217f9eecefffb89714452556cf90eb38f290a27a4d45b9988f8c0"},
}
